
Microsoft Visual Studio Solution File, Format Version 12.00
# Visual Studio Version 16
VisualStudioVersion = 16.0.28721.148
MinimumVisualStudioVersion = 10.0.40219.1
Project("{FAE04EC0-301F-11D3-BF4B-00C04F79EFBC}") = "VsTeXCommentsExtension", "VsTeXCommentsExtension\VsTeXCommentsExtension.csproj", "{5CD33552-9FE6-4C7A-8330-C7C14BAF38B9}"
EndProject
Project("{FAE04EC0-301F-11D3-BF4B-00C04F79EFBC}") = "SnippetThumbnailsGenerator", "SnippetThumbnailsGenerator\SnippetThumbnailsGenerator.csproj", "{847DE0BC-30F7-49EF-ACAD-E4BB46237535}"
EndProject
Global
	GlobalSection(SolutionConfigurationPlatforms) = preSolution
		Debug|Any CPU = Debug|Any CPU
		Release|Any CPU = Release|Any CPU
	EndGlobalSection
	GlobalSection(ProjectConfigurationPlatforms) = postSolution
		{5CD33552-9FE6-4C7A-8330-C7C14BAF38B9}.Debug|Any CPU.ActiveCfg = Debug|Any CPU
		{5CD33552-9FE6-4C7A-8330-C7C14BAF38B9}.Debug|Any CPU.Build.0 = Debug|Any CPU
		{5CD33552-9FE6-4C7A-8330-C7C14BAF38B9}.Release|Any CPU.ActiveCfg = Release|Any CPU
		{5CD33552-9FE6-4C7A-8330-C7C14BAF38B9}.Release|Any CPU.Build.0 = Release|Any CPU
		{847DE0BC-30F7-49EF-ACAD-E4BB46237535}.Debug|Any CPU.ActiveCfg = Debug|Any CPU
		{847DE0BC-30F7-49EF-ACAD-E4BB46237535}.Debug|Any CPU.Build.0 = Debug|Any CPU
		{847DE0BC-30F7-49EF-ACAD-E4BB46237535}.Release|Any CPU.ActiveCfg = Release|Any CPU
		{847DE0BC-30F7-49EF-ACAD-E4BB46237535}.Release|Any CPU.Build.0 = Release|Any CPU
	EndGlobalSection
	GlobalSection(SolutionProperties) = preSolution
		HideSolutionNode = FALSE
	EndGlobalSection
	GlobalSection(ExtensibilityGlobals) = postSolution
		SolutionGuid = {2A621F35-F7D8-4CB2-9E1D-CC6BB18DA42B}
	EndGlobalSection
EndGlobal
